
Microsoft Visual Studio Solution File, Format Version 12.00
# Visual Studio Version 17
VisualStudioVersion = 17.3.32901.215
MinimumVisualStudioVersion = 10.0.40219.1
Project("{FAE04EC0-301F-11D3-BF4B-00C04F79EFBC}") = "Projekt2", "Projekt2\Projekt2.csproj", "{A1F44475-F2E3-41AB-B611-4698AE1DAE67}"
EndProject
Global
	GlobalSection(SolutionConfigurationPlatforms) = preSolution
		Debug|Any CPU = Debug|Any CPU
		Release|Any CPU = Release|Any CPU
	EndGlobalSection
	GlobalSection(ProjectConfigurationPlatforms) = postSolution
		{A1F44475-F2E3-41AB-B611-4698AE1DAE67}.Debug|Any CPU.ActiveCfg = Debug|Any CPU
		{A1F44475-F2E3-41AB-B611-4698AE1DAE67}.Debug|Any CPU.Build.0 = Debug|Any CPU
		{A1F44475-F2E3-41AB-B611-4698AE1DAE67}.Release|Any CPU.ActiveCfg = Release|Any CPU
		{A1F44475-F2E3-41AB-B611-4698AE1DAE67}.Release|Any CPU.Build.0 = Release|Any CPU
	EndGlobalSection
	GlobalSection(SolutionProperties) = preSolution
		HideSolutionNode = FALSE
	EndGlobalSection
	GlobalSection(ExtensibilityGlobals) = postSolution
		SolutionGuid = {2839B8A3-4BF9-4F0C-91C4-2DA17C72ABA6}
	EndGlobalSection
EndGlobal
